# THIS IS AN AUTOGENERATED FILE. DO NOT EDIT THIS FILE DIRECTLY.
# yarn lockfile v1


hint.css@^2.6.0:
  version "2.6.0"
  resolved "https://registry.yarnpkg.com/hint.css/-/hint.css-2.6.0.tgz#cd6bbe25e2bc16a6454765d9559ad7bd035b3cf5"
  integrity sha512-SnCLQOoPQt4fuHbOOvEL3UZwL0SPFtKMN4YIxAvBTe4oFUtBAT4R2Kk1uk3x5hgN+0xzOb6LFEQf5StbYfNm8w==
